
Microsoft Visual Studio Solution File, Format Version 12.00
# Visual Studio 15
Project("{FAE04EC0-301F-11D3-BF4B-00C04F79EFBC}") = "Assembly-CSharp", "Assembly-CSharp.csproj", "{E792011E-E00D-237F-03E8-2C3C22803C09}"
EndProject
Project("{FAE04EC0-301F-11D3-BF4B-00C04F79EFBC}") = "Assembly-CSharp-Editor", "Assembly-CSharp-Editor.csproj", "{372F08C5-257E-FE91-3AB4-D75DB09DF582}"
EndProject
Global
	GlobalSection(SolutionConfigurationPlatforms) = preSolution
		Debug|Any CPU = Debug|Any CPU
		Release|Any CPU = Release|Any CPU
	EndGlobalSection
	GlobalSection(ProjectConfigurationPlatforms) = postSolution
		{E792011E-E00D-237F-03E8-2C3C22803C09}.Debug|Any CPU.ActiveCfg = Debug|Any CPU
		{E792011E-E00D-237F-03E8-2C3C22803C09}.Debug|Any CPU.Build.0 = Debug|Any CPU
		{E792011E-E00D-237F-03E8-2C3C22803C09}.Release|Any CPU.ActiveCfg = Release|Any CPU
		{E792011E-E00D-237F-03E8-2C3C22803C09}.Release|Any CPU.Build.0 = Release|Any CPU
		{372F08C5-257E-FE91-3AB4-D75DB09DF582}.Debug|Any CPU.ActiveCfg = Debug|Any CPU
		{372F08C5-257E-FE91-3AB4-D75DB09DF582}.Debug|Any CPU.Build.0 = Debug|Any CPU
		{372F08C5-257E-FE91-3AB4-D75DB09DF582}.Release|Any CPU.ActiveCfg = Release|Any CPU
		{372F08C5-257E-FE91-3AB4-D75DB09DF582}.Release|Any CPU.Build.0 = Release|Any CPU
	EndGlobalSection
	GlobalSection(SolutionProperties) = preSolution
		HideSolutionNode = FALSE
	EndGlobalSection
EndGlobal
