
Microsoft Visual Studio Solution File, Format Version 12.00
# Visual Studio 15
Project("{FAE04EC0-301F-11D3-BF4B-00C04F79EFBC}") = "Assembly-CSharp", "Assembly-CSharp.csproj", "{BFFECA05-AA58-DEB1-CA04-5E05A46A28D9}"
EndProject
Project("{FAE04EC0-301F-11D3-BF4B-00C04F79EFBC}") = "Assembly-CSharp-Editor", "Assembly-CSharp-Editor.csproj", "{C1B5A3EE-E90B-1269-D840-41FE8FF73006}"
EndProject
Global
	GlobalSection(SolutionConfigurationPlatforms) = preSolution
		Debug|Any CPU = Debug|Any CPU
		Release|Any CPU = Release|Any CPU
	EndGlobalSection
	GlobalSection(ProjectConfigurationPlatforms) = postSolution
		{BFFECA05-AA58-DEB1-CA04-5E05A46A28D9}.Debug|Any CPU.ActiveCfg = Debug|Any CPU
		{BFFECA05-AA58-DEB1-CA04-5E05A46A28D9}.Debug|Any CPU.Build.0 = Debug|Any CPU
		{BFFECA05-AA58-DEB1-CA04-5E05A46A28D9}.Release|Any CPU.ActiveCfg = Release|Any CPU
		{BFFECA05-AA58-DEB1-CA04-5E05A46A28D9}.Release|Any CPU.Build.0 = Release|Any CPU
		{C1B5A3EE-E90B-1269-D840-41FE8FF73006}.Debug|Any CPU.ActiveCfg = Debug|Any CPU
		{C1B5A3EE-E90B-1269-D840-41FE8FF73006}.Debug|Any CPU.Build.0 = Debug|Any CPU
		{C1B5A3EE-E90B-1269-D840-41FE8FF73006}.Release|Any CPU.ActiveCfg = Release|Any CPU
		{C1B5A3EE-E90B-1269-D840-41FE8FF73006}.Release|Any CPU.Build.0 = Release|Any CPU
	EndGlobalSection
	GlobalSection(SolutionProperties) = preSolution
		HideSolutionNode = FALSE
	EndGlobalSection
EndGlobal
